
Microsoft Visual Studio Solution File, Format Version 12.00
# Visual Studio 15
VisualStudioVersion = 15.0.26730.16
MinimumVisualStudioVersion = 10.0.40219.1
Project("{FAE04EC0-301F-11D3-BF4B-00C04F79EFBC}") = "VRS.Repository", "VRS.Model\VRS.Repository.csproj", "{0B4AF850-1C29-47BF-BFD8-950E8FCEDC68}"
EndProject
Project("{FAE04EC0-301F-11D3-BF4B-00C04F79EFBC}") = "VRS.Service", "VRS.Service\VRS.Service.csproj", "{2F7D1EBE-2360-4DDA-BEEA-7C385627A465}"
EndProject
Project("{FAE04EC0-301F-11D3-BF4B-00C04F79EFBC}") = "VRS.WebApi", "VRS.WebApi\VRS.WebApi.csproj", "{253EC5FC-7686-415B-9DBC-7BF40BAC3B56}"
EndProject
Project("{FAE04EC0-301F-11D3-BF4B-00C04F79EFBC}") = "Tests", "Tests\Tests.csproj", "{B7E11B4E-4724-434E-8E9F-7B313F037E13}"
EndProject
Project("{FAE04EC0-301F-11D3-BF4B-00C04F79EFBC}") = "VRS.Logic", "VRS.Logic\VRS.Logic.csproj", "{85D05E45-0746-4B2D-82BA-922C4A0D8C47}"
EndProject
Project("{FAE04EC0-301F-11D3-BF4B-00C04F79EFBC}") = "VRS.WebSite", "VRS.WebSite\VRS.WebSite.csproj", "{CED0AC38-5884-4024-B953-3411DCDB37A1}"
EndProject
Global
	GlobalSection(SolutionConfigurationPlatforms) = preSolution
		Debug|Any CPU = Debug|Any CPU
		Debug|ARM = Debug|ARM
		Debug|x64 = Debug|x64
		Debug|x86 = Debug|x86
		Release|Any CPU = Release|Any CPU
		Release|ARM = Release|ARM
		Release|x64 = Release|x64
		Release|x86 = Release|x86
	EndGlobalSection
	GlobalSection(ProjectConfigurationPlatforms) = postSolution
		{0B4AF850-1C29-47BF-BFD8-950E8FCEDC68}.Debug|Any CPU.ActiveCfg = Debug|Any CPU
		{0B4AF850-1C29-47BF-BFD8-950E8FCEDC68}.Debug|Any CPU.Build.0 = Debug|Any CPU
		{0B4AF850-1C29-47BF-BFD8-950E8FCEDC68}.Debug|ARM.ActiveCfg = Debug|Any CPU
		{0B4AF850-1C29-47BF-BFD8-950E8FCEDC68}.Debug|ARM.Build.0 = Debug|Any CPU
		{0B4AF850-1C29-47BF-BFD8-950E8FCEDC68}.Debug|x64.ActiveCfg = Debug|Any CPU
		{0B4AF850-1C29-47BF-BFD8-950E8FCEDC68}.Debug|x64.Build.0 = Debug|Any CPU
		{0B4AF850-1C29-47BF-BFD8-950E8FCEDC68}.Debug|x86.ActiveCfg = Debug|Any CPU
		{0B4AF850-1C29-47BF-BFD8-950E8FCEDC68}.Debug|x86.Build.0 = Debug|Any CPU
		{0B4AF850-1C29-47BF-BFD8-950E8FCEDC68}.Release|Any CPU.ActiveCfg = Release|Any CPU
		{0B4AF850-1C29-47BF-BFD8-950E8FCEDC68}.Release|Any CPU.Build.0 = Release|Any CPU
		{0B4AF850-1C29-47BF-BFD8-950E8FCEDC68}.Release|ARM.ActiveCfg = Release|Any CPU
		{0B4AF850-1C29-47BF-BFD8-950E8FCEDC68}.Release|ARM.Build.0 = Release|Any CPU
		{0B4AF850-1C29-47BF-BFD8-950E8FCEDC68}.Release|x64.ActiveCfg = Release|Any CPU
		{0B4AF850-1C29-47BF-BFD8-950E8FCEDC68}.Release|x64.Build.0 = Release|Any CPU
		{0B4AF850-1C29-47BF-BFD8-950E8FCEDC68}.Release|x86.ActiveCfg = Release|Any CPU
		{0B4AF850-1C29-47BF-BFD8-950E8FCEDC68}.Release|x86.Build.0 = Release|Any CPU
		{2F7D1EBE-2360-4DDA-BEEA-7C385627A465}.Debug|Any CPU.ActiveCfg = Debug|Any CPU
		{2F7D1EBE-2360-4DDA-BEEA-7C385627A465}.Debug|Any CPU.Build.0 = Debug|Any CPU
		{2F7D1EBE-2360-4DDA-BEEA-7C385627A465}.Debug|ARM.ActiveCfg = Debug|Any CPU
		{2F7D1EBE-2360-4DDA-BEEA-7C385627A465}.Debug|ARM.Build.0 = Debug|Any CPU
		{2F7D1EBE-2360-4DDA-BEEA-7C385627A465}.Debug|x64.ActiveCfg = Debug|Any CPU
		{2F7D1EBE-2360-4DDA-BEEA-7C385627A465}.Debug|x64.Build.0 = Debug|Any CPU
		{2F7D1EBE-2360-4DDA-BEEA-7C385627A465}.Debug|x86.ActiveCfg = Debug|Any CPU
		{2F7D1EBE-2360-4DDA-BEEA-7C385627A465}.Debug|x86.Build.0 = Debug|Any CPU
		{2F7D1EBE-2360-4DDA-BEEA-7C385627A465}.Release|Any CPU.ActiveCfg = Release|Any CPU
		{2F7D1EBE-2360-4DDA-BEEA-7C385627A465}.Release|Any CPU.Build.0 = Release|Any CPU
		{2F7D1EBE-2360-4DDA-BEEA-7C385627A465}.Release|ARM.ActiveCfg = Release|Any CPU
		{2F7D1EBE-2360-4DDA-BEEA-7C385627A465}.Release|ARM.Build.0 = Release|Any CPU
		{2F7D1EBE-2360-4DDA-BEEA-7C385627A465}.Release|x64.ActiveCfg = Release|Any CPU
		{2F7D1EBE-2360-4DDA-BEEA-7C385627A465}.Release|x64.Build.0 = Release|Any CPU
		{2F7D1EBE-2360-4DDA-BEEA-7C385627A465}.Release|x86.ActiveCfg = Release|Any CPU
		{2F7D1EBE-2360-4DDA-BEEA-7C385627A465}.Release|x86.Build.0 = Release|Any CPU
		{253EC5FC-7686-415B-9DBC-7BF40BAC3B56}.Debug|Any CPU.ActiveCfg = Debug|Any CPU
		{253EC5FC-7686-415B-9DBC-7BF40BAC3B56}.Debug|Any CPU.Build.0 = Debug|Any CPU
		{253EC5FC-7686-415B-9DBC-7BF40BAC3B56}.Debug|ARM.ActiveCfg = Debug|Any CPU
		{253EC5FC-7686-415B-9DBC-7BF40BAC3B56}.Debug|ARM.Build.0 = Debug|Any CPU
		{253EC5FC-7686-415B-9DBC-7BF40BAC3B56}.Debug|x64.ActiveCfg = Debug|Any CPU
		{253EC5FC-7686-415B-9DBC-7BF40BAC3B56}.Debug|x64.Build.0 = Debug|Any CPU
		{253EC5FC-7686-415B-9DBC-7BF40BAC3B56}.Debug|x86.ActiveCfg = Debug|Any CPU
		{253EC5FC-7686-415B-9DBC-7BF40BAC3B56}.Debug|x86.Build.0 = Debug|Any CPU
		{253EC5FC-7686-415B-9DBC-7BF40BAC3B56}.Release|Any CPU.ActiveCfg = Release|Any CPU
		{253EC5FC-7686-415B-9DBC-7BF40BAC3B56}.Release|Any CPU.Build.0 = Release|Any CPU
		{253EC5FC-7686-415B-9DBC-7BF40BAC3B56}.Release|ARM.ActiveCfg = Release|Any CPU
		{253EC5FC-7686-415B-9DBC-7BF40BAC3B56}.Release|ARM.Build.0 = Release|Any CPU
		{253EC5FC-7686-415B-9DBC-7BF40BAC3B56}.Release|x64.ActiveCfg = Release|Any CPU
		{253EC5FC-7686-415B-9DBC-7BF40BAC3B56}.Release|x64.Build.0 = Release|Any CPU
		{253EC5FC-7686-415B-9DBC-7BF40BAC3B56}.Release|x86.ActiveCfg = Release|Any CPU
		{253EC5FC-7686-415B-9DBC-7BF40BAC3B56}.Release|x86.Build.0 = Release|Any CPU
		{B7E11B4E-4724-434E-8E9F-7B313F037E13}.Debug|Any CPU.ActiveCfg = Debug|Any CPU
		{B7E11B4E-4724-434E-8E9F-7B313F037E13}.Debug|Any CPU.Build.0 = Debug|Any CPU
		{B7E11B4E-4724-434E-8E9F-7B313F037E13}.Debug|ARM.ActiveCfg = Debug|Any CPU
		{B7E11B4E-4724-434E-8E9F-7B313F037E13}.Debug|ARM.Build.0 = Debug|Any CPU
		{B7E11B4E-4724-434E-8E9F-7B313F037E13}.Debug|x64.ActiveCfg = Debug|Any CPU
		{B7E11B4E-4724-434E-8E9F-7B313F037E13}.Debug|x64.Build.0 = Debug|Any CPU
		{B7E11B4E-4724-434E-8E9F-7B313F037E13}.Debug|x86.ActiveCfg = Debug|Any CPU
		{B7E11B4E-4724-434E-8E9F-7B313F037E13}.Debug|x86.Build.0 = Debug|Any CPU
		{B7E11B4E-4724-434E-8E9F-7B313F037E13}.Release|Any CPU.ActiveCfg = Release|Any CPU
		{B7E11B4E-4724-434E-8E9F-7B313F037E13}.Release|Any CPU.Build.0 = Release|Any CPU
		{B7E11B4E-4724-434E-8E9F-7B313F037E13}.Release|ARM.ActiveCfg = Release|Any CPU
		{B7E11B4E-4724-434E-8E9F-7B313F037E13}.Release|ARM.Build.0 = Release|Any CPU
		{B7E11B4E-4724-434E-8E9F-7B313F037E13}.Release|x64.ActiveCfg = Release|Any CPU
		{B7E11B4E-4724-434E-8E9F-7B313F037E13}.Release|x64.Build.0 = Release|Any CPU
		{B7E11B4E-4724-434E-8E9F-7B313F037E13}.Release|x86.ActiveCfg = Release|Any CPU
		{B7E11B4E-4724-434E-8E9F-7B313F037E13}.Release|x86.Build.0 = Release|Any CPU
		{85D05E45-0746-4B2D-82BA-922C4A0D8C47}.Debug|Any CPU.ActiveCfg = Debug|Any CPU
		{85D05E45-0746-4B2D-82BA-922C4A0D8C47}.Debug|Any CPU.Build.0 = Debug|Any CPU
		{85D05E45-0746-4B2D-82BA-922C4A0D8C47}.Debug|ARM.ActiveCfg = Debug|Any CPU
		{85D05E45-0746-4B2D-82BA-922C4A0D8C47}.Debug|ARM.Build.0 = Debug|Any CPU
		{85D05E45-0746-4B2D-82BA-922C4A0D8C47}.Debug|x64.ActiveCfg = Debug|Any CPU
		{85D05E45-0746-4B2D-82BA-922C4A0D8C47}.Debug|x64.Build.0 = Debug|Any CPU
		{85D05E45-0746-4B2D-82BA-922C4A0D8C47}.Debug|x86.ActiveCfg = Debug|Any CPU
		{85D05E45-0746-4B2D-82BA-922C4A0D8C47}.Debug|x86.Build.0 = Debug|Any CPU
		{85D05E45-0746-4B2D-82BA-922C4A0D8C47}.Release|Any CPU.ActiveCfg = Release|Any CPU
		{85D05E45-0746-4B2D-82BA-922C4A0D8C47}.Release|Any CPU.Build.0 = Release|Any CPU
		{85D05E45-0746-4B2D-82BA-922C4A0D8C47}.Release|ARM.ActiveCfg = Release|Any CPU
		{85D05E45-0746-4B2D-82BA-922C4A0D8C47}.Release|ARM.Build.0 = Release|Any CPU
		{85D05E45-0746-4B2D-82BA-922C4A0D8C47}.Release|x64.ActiveCfg = Release|Any CPU
		{85D05E45-0746-4B2D-82BA-922C4A0D8C47}.Release|x64.Build.0 = Release|Any CPU
		{85D05E45-0746-4B2D-82BA-922C4A0D8C47}.Release|x86.ActiveCfg = Release|Any CPU
		{85D05E45-0746-4B2D-82BA-922C4A0D8C47}.Release|x86.Build.0 = Release|Any CPU
		{CED0AC38-5884-4024-B953-3411DCDB37A1}.Debug|Any CPU.ActiveCfg = Debug|Any CPU
		{CED0AC38-5884-4024-B953-3411DCDB37A1}.Debug|Any CPU.Build.0 = Debug|Any CPU
		{CED0AC38-5884-4024-B953-3411DCDB37A1}.Debug|ARM.ActiveCfg = Debug|Any CPU
		{CED0AC38-5884-4024-B953-3411DCDB37A1}.Debug|ARM.Build.0 = Debug|Any CPU
		{CED0AC38-5884-4024-B953-3411DCDB37A1}.Debug|x64.ActiveCfg = Debug|Any CPU
		{CED0AC38-5884-4024-B953-3411DCDB37A1}.Debug|x64.Build.0 = Debug|Any CPU
		{CED0AC38-5884-4024-B953-3411DCDB37A1}.Debug|x86.ActiveCfg = Debug|Any CPU
		{CED0AC38-5884-4024-B953-3411DCDB37A1}.Debug|x86.Build.0 = Debug|Any CPU
		{CED0AC38-5884-4024-B953-3411DCDB37A1}.Release|Any CPU.ActiveCfg = Release|Any CPU
		{CED0AC38-5884-4024-B953-3411DCDB37A1}.Release|Any CPU.Build.0 = Release|Any CPU
		{CED0AC38-5884-4024-B953-3411DCDB37A1}.Release|ARM.ActiveCfg = Release|Any CPU
		{CED0AC38-5884-4024-B953-3411DCDB37A1}.Release|ARM.Build.0 = Release|Any CPU
		{CED0AC38-5884-4024-B953-3411DCDB37A1}.Release|x64.ActiveCfg = Release|Any CPU
		{CED0AC38-5884-4024-B953-3411DCDB37A1}.Release|x64.Build.0 = Release|Any CPU
		{CED0AC38-5884-4024-B953-3411DCDB37A1}.Release|x86.ActiveCfg = Release|Any CPU
		{CED0AC38-5884-4024-B953-3411DCDB37A1}.Release|x86.Build.0 = Release|Any CPU
	EndGlobalSection
	GlobalSection(SolutionProperties) = preSolution
		HideSolutionNode = FALSE
	EndGlobalSection
	GlobalSection(ExtensibilityGlobals) = postSolution
		SolutionGuid = {4DC79DFB-558F-4F18-BE2E-BAC7ADB97983}
	EndGlobalSection
EndGlobal
